
Microsoft Visual Studio Solution File, Format Version 12.00
# Visual Studio Version 17
VisualStudioVersion = 17.8.34511.84
MinimumVisualStudioVersion = 10.0.40219.1
Project("{FAE04EC0-301F-11D3-BF4B-00C04F79EFBC}") = "BankingApplicationv2", "BankingApplicationv2\BankingApplicationv2.csproj", "{0983F9A1-0828-4034-9600-653221B2AE85}"
EndProject
Global
	GlobalSection(SolutionConfigurationPlatforms) = preSolution
		Debug|Any CPU = Debug|Any CPU
		Release|Any CPU = Release|Any CPU
	EndGlobalSection
	GlobalSection(ProjectConfigurationPlatforms) = postSolution
		{0983F9A1-0828-4034-9600-653221B2AE85}.Debug|Any CPU.ActiveCfg = Debug|Any CPU
		{0983F9A1-0828-4034-9600-653221B2AE85}.Debug|Any CPU.Build.0 = Debug|Any CPU
		{0983F9A1-0828-4034-9600-653221B2AE85}.Release|Any CPU.ActiveCfg = Release|Any CPU
		{0983F9A1-0828-4034-9600-653221B2AE85}.Release|Any CPU.Build.0 = Release|Any CPU
	EndGlobalSection
	GlobalSection(SolutionProperties) = preSolution
		HideSolutionNode = FALSE
	EndGlobalSection
	GlobalSection(ExtensibilityGlobals) = postSolution
		SolutionGuid = {3887B93D-4441-4121-A8C7-F8143940DBC3}
	EndGlobalSection
EndGlobal
